
Microsoft Visual Studio Solution File, Format Version 12.00
# Visual Studio 14
VisualStudioVersion = 14.0.24720.0
MinimumVisualStudioVersion = 10.0.40219.1
Project("{8BC9CEB8-8B4A-11D0-8D11-00A0C91BC942}") = "Kinect_Stream", "Kinect_Stream\Kinect_Stream.vcxproj", "{E3CE7021-14BF-49C6-B695-0A5371146F92}"
EndProject
Project("{54435603-DBB4-11D2-8724-00A0C9A8B90C}") = "Setup", "Setup\Setup.vdproj", "{17633E85-69B9-4CAB-BD0B-4D9EAA009130}"
EndProject
Global
	GlobalSection(SolutionConfigurationPlatforms) = preSolution
		Debug|Any CPU = Debug|Any CPU
		Debug|x64 = Debug|x64
		Debug|x86 = Debug|x86
		Release|Any CPU = Release|Any CPU
		Release|x64 = Release|x64
		Release|x86 = Release|x86
	EndGlobalSection
	GlobalSection(ProjectConfigurationPlatforms) = postSolution
		{E3CE7021-14BF-49C6-B695-0A5371146F92}.Debug|Any CPU.ActiveCfg = Debug|Win32
		{E3CE7021-14BF-49C6-B695-0A5371146F92}.Debug|x64.ActiveCfg = Debug|x64
		{E3CE7021-14BF-49C6-B695-0A5371146F92}.Debug|x64.Build.0 = Debug|x64
		{E3CE7021-14BF-49C6-B695-0A5371146F92}.Debug|x86.ActiveCfg = Debug|Win32
		{E3CE7021-14BF-49C6-B695-0A5371146F92}.Debug|x86.Build.0 = Debug|Win32
		{E3CE7021-14BF-49C6-B695-0A5371146F92}.Release|Any CPU.ActiveCfg = Release|Win32
		{E3CE7021-14BF-49C6-B695-0A5371146F92}.Release|x64.ActiveCfg = Release|x64
		{E3CE7021-14BF-49C6-B695-0A5371146F92}.Release|x64.Build.0 = Release|x64
		{E3CE7021-14BF-49C6-B695-0A5371146F92}.Release|x86.ActiveCfg = Release|Win32
		{E3CE7021-14BF-49C6-B695-0A5371146F92}.Release|x86.Build.0 = Release|Win32
		{17633E85-69B9-4CAB-BD0B-4D9EAA009130}.Debug|Any CPU.ActiveCfg = Debug
		{17633E85-69B9-4CAB-BD0B-4D9EAA009130}.Debug|Any CPU.Build.0 = Debug
		{17633E85-69B9-4CAB-BD0B-4D9EAA009130}.Debug|x64.ActiveCfg = Debug
		{17633E85-69B9-4CAB-BD0B-4D9EAA009130}.Debug|x86.ActiveCfg = Debug
		{17633E85-69B9-4CAB-BD0B-4D9EAA009130}.Release|Any CPU.ActiveCfg = Release
		{17633E85-69B9-4CAB-BD0B-4D9EAA009130}.Release|Any CPU.Build.0 = Release
		{17633E85-69B9-4CAB-BD0B-4D9EAA009130}.Release|x64.ActiveCfg = Release
		{17633E85-69B9-4CAB-BD0B-4D9EAA009130}.Release|x86.ActiveCfg = Release
	EndGlobalSection
	GlobalSection(SolutionProperties) = preSolution
		HideSolutionNode = FALSE
	EndGlobalSection
EndGlobal
